
Microsoft Visual Studio Solution File, Format Version 12.00
# Visual Studio Version 17
VisualStudioVersion = 17.13.35931.197 d17.13
MinimumVisualStudioVersion = 10.0.40219.1
Project("{FAE04EC0-301F-11D3-BF4B-00C04F79EFBC}") = "invyoc", "invyoc\invyoc.csproj", "{CFCB4583-4794-21CE-B808-80E308A52298}"
EndProject
Project("{FAE04EC0-301F-11D3-BF4B-00C04F79EFBC}") = "invyoc.AppHost", "invyoc.AppHost\invyoc.AppHost.csproj", "{B33505EB-6F7C-4B55-9C63-9DF46ABD6C38}"
EndProject
Project("{FAE04EC0-301F-11D3-BF4B-00C04F79EFBC}") = "invyoc.ServiceDefaults", "invyoc.ServiceDefaults\invyoc.ServiceDefaults.csproj", "{3C417206-AC2F-F802-AD77-5F1EC0091090}"
EndProject
Global
	GlobalSection(SolutionConfigurationPlatforms) = preSolution
		Debug|Any CPU = Debug|Any CPU
		Release|Any CPU = Release|Any CPU
	EndGlobalSection
	GlobalSection(ProjectConfigurationPlatforms) = postSolution
		{CFCB4583-4794-21CE-B808-80E308A52298}.Debug|Any CPU.ActiveCfg = Debug|Any CPU
		{CFCB4583-4794-21CE-B808-80E308A52298}.Debug|Any CPU.Build.0 = Debug|Any CPU
		{CFCB4583-4794-21CE-B808-80E308A52298}.Release|Any CPU.ActiveCfg = Release|Any CPU
		{CFCB4583-4794-21CE-B808-80E308A52298}.Release|Any CPU.Build.0 = Release|Any CPU
		{B33505EB-6F7C-4B55-9C63-9DF46ABD6C38}.Debug|Any CPU.ActiveCfg = Debug|Any CPU
		{B33505EB-6F7C-4B55-9C63-9DF46ABD6C38}.Debug|Any CPU.Build.0 = Debug|Any CPU
		{B33505EB-6F7C-4B55-9C63-9DF46ABD6C38}.Release|Any CPU.ActiveCfg = Release|Any CPU
		{B33505EB-6F7C-4B55-9C63-9DF46ABD6C38}.Release|Any CPU.Build.0 = Release|Any CPU
		{3C417206-AC2F-F802-AD77-5F1EC0091090}.Debug|Any CPU.ActiveCfg = Debug|Any CPU
		{3C417206-AC2F-F802-AD77-5F1EC0091090}.Debug|Any CPU.Build.0 = Debug|Any CPU
		{3C417206-AC2F-F802-AD77-5F1EC0091090}.Release|Any CPU.ActiveCfg = Release|Any CPU
		{3C417206-AC2F-F802-AD77-5F1EC0091090}.Release|Any CPU.Build.0 = Release|Any CPU
	EndGlobalSection
	GlobalSection(SolutionProperties) = preSolution
		HideSolutionNode = FALSE
	EndGlobalSection
	GlobalSection(ExtensibilityGlobals) = postSolution
		SolutionGuid = {5F6A22F4-BD56-4D5A-B990-5CC7E98E5056}
	EndGlobalSection
EndGlobal
